// !$*UTF8*$!
{
	archiveVersion = 1;
	classes = {
	};
	objectVersion = 50;
	objects = {

/* Begin PBXBuildFile section */
		111AA8BC214BC7530009EAEE /* ImageService.swift in Sources */ = {isa = PBXBuildFile; fileRef = 111AA8BB214BC7530009EAEE /* ImageService.swift */; };
		112BEBB0214AF1DE0066B07A /* AppDelegate.swift in Sources */ = {isa = PBXBuildFile; fileRef = 112BEBAF214AF1DE0066B07A /* AppDelegate.swift */; };
		112BEBB5214AF1DE0066B07A /* Main.storyboard in Resources */ = {isa = PBXBuildFile; fileRef = 112BEBB3214AF1DE0066B07A /* Main.storyboard */; };
		112BEBB7214AF1DF0066B07A /* Assets.xcassets in Resources */ = {isa = PBXBuildFile; fileRef = 112BEBB6214AF1DF0066B07A /* Assets.xcassets */; };
		112BEBBA214AF1DF0066B07A /* LaunchScreen.storyboard in Resources */ = {isa = PBXBuildFile; fileRef = 112BEBB8214AF1DF0066B07A /* LaunchScreen.storyboard */; };
		112BEBC5214AF5800066B07A /* MapViewController.swift in Sources */ = {isa = PBXBuildFile; fileRef = 112BEBC4214AF5800066B07A /* MapViewController.swift */; };
		112BEBC7214AF5C20066B07A /* ListViewController.swift in Sources */ = {isa = PBXBuildFile; fileRef = 112BEBC6214AF5C20066B07A /* ListViewController.swift */; };
		112BEBC9214AF7520066B07A /* PlaceModel.swift in Sources */ = {isa = PBXBuildFile; fileRef = 112BEBC8214AF7520066B07A /* PlaceModel.swift */; };
		112BEBCD214AFCD90066B07A /* Places.plist in Resources */ = {isa = PBXBuildFile; fileRef = 112BEBCC214AFCD90066B07A /* Places.plist */; };
		112BEBD0214B030B0066B07A /* NetworkService.swift in Sources */ = {isa = PBXBuildFile; fileRef = 112BEBCF214B030B0066B07A /* NetworkService.swift */; };
		112BEBD2214B06740066B07A /* ParseService.swift in Sources */ = {isa = PBXBuildFile; fileRef = 112BEBD1214B06740066B07A /* ParseService.swift */; };
		115C226E214B42C9009CFD7A /* GradientView.swift in Sources */ = {isa = PBXBuildFile; fileRef = 115C226D214B42C9009CFD7A /* GradientView.swift */; };
		119E41F0214BBCA8003350FE /* ListTableViewCell.swift in Sources */ = {isa = PBXBuildFile; fileRef = 119E41EF214BBCA8003350FE /* ListTableViewCell.swift */; };
		4B14E7DA6FEDA9ED45AF19D3 /* Pods_Place.framework in Frameworks */ = {isa = PBXBuildFile; fileRef = 1E67B870C0DC602EC28F9081 /* Pods_Place.framework */; };
/* End PBXBuildFile section */

/* Begin PBXFileReference section */
		111AA8BB214BC7530009EAEE /* ImageService.swift */ = {isa = PBXFileReference; lastKnownFileType = sourcecode.swift; path = ImageService.swift; sourceTree = "<group>"; };
		112BEBAC214AF1DE0066B07A /* Place.app */ = {isa = PBXFileReference; explicitFileType = wrapper.application; includeInIndex = 0; path = Place.app; sourceTree = BUILT_PRODUCTS_DIR; };
		112BEBAF214AF1DE0066B07A /* AppDelegate.swift */ = {isa = PBXFileReference; lastKnownFileType = sourcecode.swift; path = AppDelegate.swift; sourceTree = "<group>"; };
		112BEBB4214AF1DE0066B07A /* Base */ = {isa = PBXFileReference; lastKnownFileType = file.storyboard; name = Base; path = Base.lproj/Main.storyboard; sourceTree = "<group>"; };
		112BEBB6214AF1DF0066B07A /* Assets.xcassets */ = {isa = PBXFileReference; lastKnownFileType = folder.assetcatalog; path = Assets.xcassets; sourceTree = "<group>"; };
		112BEBB9214AF1DF0066B07A /* Base */ = {isa = PBXFileReference; lastKnownFileType = file.storyboard; name = Base; path = Base.lproj/LaunchScreen.storyboard; sourceTree = "<group>"; };
		112BEBBB214AF1DF0066B07A /* Info.plist */ = {isa = PBXFileReference; lastKnownFileType = text.plist.xml; path = Info.plist; sourceTree = "<group>"; };
		112BEBC4214AF5800066B07A /* MapViewController.swift */ = {isa = PBXFileReference; lastKnownFileType = sourcecode.swift; path = MapViewController.swift; sourceTree = "<group>"; };
		112BEBC6214AF5C20066B07A /* ListViewController.swift */ = {isa = PBXFileReference; lastKnownFileType = sourcecode.swift; path = ListViewController.swift; sourceTree = "<group>"; };
		112BEBC8214AF7520066B07A /* PlaceModel.swift */ = {isa = PBXFileReference; lastKnownFileType = sourcecode.swift; path = PlaceModel.swift; sourceTree = "<group>"; };
		112BEBCC214AFCD90066B07A /* Places.plist */ = {isa = PBXFileReference; lastKnownFileType = text.plist.xml; path = Places.plist; sourceTree = "<group>"; };
		112BEBCF214B030B0066B07A /* NetworkService.swift */ = {isa = PBXFileReference; lastKnownFileType = sourcecode.swift; path = NetworkService.swift; sourceTree = "<group>"; };
		112BEBD1214B06740066B07A /* ParseService.swift */ = {isa = PBXFileReference; lastKnownFileType = sourcecode.swift; path = ParseService.swift; sourceTree = "<group>"; };
		115C226D214B42C9009CFD7A /* GradientView.swift */ = {isa = PBXFileReference; lastKnownFileType = sourcecode.swift; path = GradientView.swift; sourceTree = "<group>"; };
		119E41EF214BBCA8003350FE /* ListTableViewCell.swift */ = {isa = PBXFileReference; lastKnownFileType = sourcecode.swift; path = ListTableViewCell.swift; sourceTree = "<group>"; };
		1E67B870C0DC602EC28F9081 /* Pods_Place.framework */ = {isa = PBXFileReference; explicitFileType = wrapper.framework; includeInIndex = 0; path = Pods_Place.framework; sourceTree = BUILT_PRODUCTS_DIR; };
		971024FE888B127C9DE8D9B5 /* Pods-Place.debug.xcconfig */ = {isa = PBXFileReference; includeInIndex = 1; lastKnownFileType = text.xcconfig; name = "Pods-Place.debug.xcconfig"; path = "Pods/Target Support Files/Pods-Place/Pods-Place.debug.xcconfig"; sourceTree = "<group>"; };
		E78991A6D34223B7CADDC974 /* Pods-Place.release.xcconfig */ = {isa = PBXFileReference; includeInIndex = 1; lastKnownFileType = text.xcconfig; name = "Pods-Place.release.xcconfig"; path = "Pods/Target Support Files/Pods-Place/Pods-Place.release.xcconfig"; sourceTree = "<group>"; };
/* End PBXFileReference section */

/* Begin PBXFrameworksBuildPhase section */
		112BEBA9214AF1DE0066B07A /* Frameworks */ = {
			isa = PBXFrameworksBuildPhase;
			buildActionMask = 2147483647;
			files = (
				4B14E7DA6FEDA9ED45AF19D3 /* Pods_Place.framework in Frameworks */,
			);
			runOnlyForDeploymentPostprocessing = 0;
		};
/* End PBXFrameworksBuildPhase section */

/* Begin PBXGroup section */
		112BEBA3214AF1DE0066B07A = {
			isa = PBXGroup;
			children = (
				112BEBAE214AF1DE0066B07A /* Place */,
				112BEBAD214AF1DE0066B07A /* Products */,
				F71902B78123987148C698C0 /* Pods */,
				8CEA70FC2AF63D0805366911 /* Frameworks */,
			);
			sourceTree = "<group>";
		};
		112BEBAD214AF1DE0066B07A /* Products */ = {
			isa = PBXGroup;
			children = (
				112BEBAC214AF1DE0066B07A /* Place.app */,
			);
			name = Products;
			sourceTree = "<group>";
		};
		112BEBAE214AF1DE0066B07A /* Place */ = {
			isa = PBXGroup;
			children = (
				112BEBC2214AF5630066B07A /* Model */,
				112BEBC3214AF56B0066B07A /* View */,
				112BEBC1214AF5520066B07A /* Controllers */,
				112BEBB3214AF1DE0066B07A /* Main.storyboard */,
				112BEBB6214AF1DF0066B07A /* Assets.xcassets */,
				112BEBB8214AF1DF0066B07A /* LaunchScreen.storyboard */,
				112BEBBB214AF1DF0066B07A /* Info.plist */,
			);
			path = Place;
			sourceTree = "<group>";
		};
		112BEBC1214AF5520066B07A /* Controllers */ = {
			isa = PBXGroup;
			children = (
				112BEBAF214AF1DE0066B07A /* AppDelegate.swift */,
				112BEBC4214AF5800066B07A /* MapViewController.swift */,
				112BEBC6214AF5C20066B07A /* ListViewController.swift */,
			);
			path = Controllers;
			sourceTree = "<group>";
		};
		112BEBC2214AF5630066B07A /* Model */ = {
			isa = PBXGroup;
			children = (
				112BEBCE214B02000066B07A /* Services */,
				112BEBC8214AF7520066B07A /* PlaceModel.swift */,
				112BEBCC214AFCD90066B07A /* Places.plist */,
			);
			path = Model;
			sourceTree = "<group>";
		};
		112BEBC3214AF56B0066B07A /* View */ = {
			isa = PBXGroup;
			children = (
				11885F69214B3227000AE083 /* Gradient */,
				11885F6E214B3486000AE083 /* TableCell */,
			);
			path = View;
			sourceTree = "<group>";
		};
		112BEBCE214B02000066B07A /* Services */ = {
			isa = PBXGroup;
			children = (
				112BEBCF214B030B0066B07A /* NetworkService.swift */,
				112BEBD1214B06740066B07A /* ParseService.swift */,
				111AA8BB214BC7530009EAEE /* ImageService.swift */,
			);
			path = Services;
			sourceTree = "<group>";
		};
		11885F69214B3227000AE083 /* Gradient */ = {
			isa = PBXGroup;
			children = (
				115C226D214B42C9009CFD7A /* GradientView.swift */,
			);
			path = Gradient;
			sourceTree = "<group>";
		};
		11885F6E214B3486000AE083 /* TableCell */ = {
			isa = PBXGroup;
			children = (
				119E41EF214BBCA8003350FE /* ListTableViewCell.swift */,
			);
			path = TableCell;
			sourceTree = "<group>";
		};
		8CEA70FC2AF63D0805366911 /* Frameworks */ = {
			isa = PBXGroup;
			children = (
				1E67B870C0DC602EC28F9081 /* Pods_Place.framework */,
			);
			name = Frameworks;
			sourceTree = "<group>";
		};
		F71902B78123987148C698C0 /* Pods */ = {
			isa = PBXGroup;
			children = (
				971024FE888B127C9DE8D9B5 /* Pods-Place.debug.xcconfig */,
				E78991A6D34223B7CADDC974 /* Pods-Place.release.xcconfig */,
			);
			name = Pods;
			sourceTree = "<group>";
		};
/* End PBXGroup section */

/* Begin PBXNativeTarget section */
		112BEBAB214AF1DE0066B07A /* Place */ = {
			isa = PBXNativeTarget;
			buildConfigurationList = 112BEBBE214AF1DF0066B07A /* Build configuration list for PBXNativeTarget "Place" */;
			buildPhases = (
				3766AE7282359CE34539E570 /* [CP] Check Pods Manifest.lock */,
				112BEBA8214AF1DE0066B07A /* Sources */,
				112BEBA9214AF1DE0066B07A /* Frameworks */,
				112BEBAA214AF1DE0066B07A /* Resources */,
				1B8FE341F333725FB9E578EB /* [CP] Embed Pods Frameworks */,
			);
			buildRules = (
			);
			dependencies = (
			);
			name = Place;
			productName = Place;
			productReference = 112BEBAC214AF1DE0066B07A /* Place.app */;
			productType = "com.apple.product-type.application";
		};
/* End PBXNativeTarget section */

/* Begin PBXProject section */
		112BEBA4214AF1DE0066B07A /* Project object */ = {
			isa = PBXProject;
			attributes = {
				LastSwiftUpdateCheck = 0940;
				LastUpgradeCheck = 0940;
				ORGANIZATIONNAME = AlexanderKogut;
				TargetAttributes = {
					112BEBAB214AF1DE0066B07A = {
						CreatedOnToolsVersion = 9.4.1;
					};
				};
			};
			buildConfigurationList = 112BEBA7214AF1DE0066B07A /* Build configuration list for PBXProject "Place" */;
			compatibilityVersion = "Xcode 9.3";
			developmentRegion = en;
			hasScannedForEncodings = 0;
			knownRegions = (
				en,
				Base,
			);
			mainGroup = 112BEBA3214AF1DE0066B07A;
			productRefGroup = 112BEBAD214AF1DE0066B07A /* Products */;
			projectDirPath = "";
			projectRoot = "";
			targets = (
				112BEBAB214AF1DE0066B07A /* Place */,
			);
		};
/* End PBXProject section */

/* Begin PBXResourcesBuildPhase section */
		112BEBAA214AF1DE0066B07A /* Resources */ = {
			isa = PBXResourcesBuildPhase;
			buildActionMask = 2147483647;
			files = (
				112BEBBA214AF1DF0066B07A /* LaunchScreen.storyboard in Resources */,
				112BEBB7214AF1DF0066B07A /* Assets.xcassets in Resources */,
				112BEBCD214AFCD90066B07A /* Places.plist in Resources */,
				112BEBB5214AF1DE0066B07A /* Main.storyboard in Resources */,
			);
			runOnlyForDeploymentPostprocessing = 0;
		};
/* End PBXResourcesBuildPhase section */

/* Begin PBXShellScriptBuildPhase section */
		1B8FE341F333725FB9E578EB /* [CP] Embed Pods Frameworks */ = {
			isa = PBXShellScriptBuildPhase;
			buildActionMask = 2147483647;
			files = (
			);
			inputPaths = (
				"${SRCROOT}/Pods/Target Support Files/Pods-Place/Pods-Place-frameworks.sh",
				"${BUILT_PRODUCTS_DIR}/Alamofire/Alamofire.framework",
				"${BUILT_PRODUCTS_DIR}/AlamofireImage/AlamofireImage.framework",
				"${BUILT_PRODUCTS_DIR}/SDWebImage/SDWebImage.framework",
			);
			name = "[CP] Embed Pods Frameworks";
			outputPaths = (
				"${TARGET_BUILD_DIR}/${FRAMEWORKS_FOLDER_PATH}/Alamofire.framework",
				"${TARGET_BUILD_DIR}/${FRAMEWORKS_FOLDER_PATH}/AlamofireImage.framework",
				"${TARGET_BUILD_DIR}/${FRAMEWORKS_FOLDER_PATH}/SDWebImage.framework",
			);
			runOnlyForDeploymentPostprocessing = 0;
			shellPath = /bin/sh;
			shellScript = "\"${SRCROOT}/Pods/Target Support Files/Pods-Place/Pods-Place-frameworks.sh\"\n";
			showEnvVarsInLog = 0;
		};
		3766AE7282359CE34539E570 /* [CP] Check Pods Manifest.lock */ = {
			isa = PBXShellScriptBuildPhase;
			buildActionMask = 2147483647;
			files = (
			);
			inputPaths = (
				"${PODS_PODFILE_DIR_PATH}/Podfile.lock",
				"${PODS_ROOT}/Manifest.lock",
			);
			name = "[CP] Check Pods Manifest.lock";
			outputPaths = (
				"$(DERIVED_FILE_DIR)/Pods-Place-checkManifestLockResult.txt",
			);
			runOnlyForDeploymentPostprocessing = 0;
			shellPath = /bin/sh;
			shellScript = "diff \"${PODS_PODFILE_DIR_PATH}/Podfile.lock\" \"${PODS_ROOT}/Manifest.lock\" > /dev/null\nif [ $? != 0 ] ; then\n    # print error to STDERR\n    echo \"error: The sandbox is not in sync with the Podfile.lock. Run 'pod install' or update your CocoaPods installation.\" >&2\n    exit 1\nfi\n# This output is used by Xcode 'outputs' to avoid re-running this script phase.\necho \"SUCCESS\" > \"${SCRIPT_OUTPUT_FILE_0}\"\n";
			showEnvVarsInLog = 0;
		};
/* End PBXShellScriptBuildPhase section */

/* Begin PBXSourcesBuildPhase section */
		112BEBA8214AF1DE0066B07A /* Sources */ = {
			isa = PBXSourcesBuildPhase;
			buildActionMask = 2147483647;
			files = (
				112BEBD0214B030B0066B07A /* NetworkService.swift in Sources */,
				119E41F0214BBCA8003350FE /* ListTableViewCell.swift in Sources */,
				111AA8BC214BC7530009EAEE /* ImageService.swift in Sources */,
				112BEBD2214B06740066B07A /* ParseService.swift in Sources */,
				112BEBB0214AF1DE0066B07A /* AppDelegate.swift in Sources */,
				112BEBC9214AF7520066B07A /* PlaceModel.swift in Sources */,
				112BEBC5214AF5800066B07A /* MapViewController.swift in Sources */,
				115C226E214B42C9009CFD7A /* GradientView.swift in Sources */,
				112BEBC7214AF5C20066B07A /* ListViewController.swift in Sources */,
			);
			runOnlyForDeploymentPostprocessing = 0;
		};
/* End PBXSourcesBuildPhase section */

/* Begin PBXVariantGroup section */
		112BEBB3214AF1DE0066B07A /* Main.storyboard */ = {
			isa = PBXVariantGroup;
			children = (
				112BEBB4214AF1DE0066B07A /* Base */,
			);
			name = Main.storyboard;
			sourceTree = "<group>";
		};
		112BEBB8214AF1DF0066B07A /* LaunchScreen.storyboard */ = {
			isa = PBXVariantGroup;
			children = (
				112BEBB9214AF1DF0066B07A /* Base */,
			);
			name = LaunchScreen.storyboard;
			sourceTree = "<group>";
		};
/* End PBXVariantGroup section */

/* Begin XCBuildConfiguration section */
		112BEBBC214AF1DF0066B07A /* Debug */ = {
			isa = XCBuildConfiguration;
			buildSettings = {
				ALWAYS_SEARCH_USER_PATHS = NO;
				CLANG_ANALYZER_NONNULL = YES;
				CLANG_ANALYZER_NUMBER_OBJECT_CONVERSION = YES_AGGRESSIVE;
				CLANG_CXX_LANGUAGE_STANDARD = "gnu++14";
				CLANG_CXX_LIBRARY = "libc++";
				CLANG_ENABLE_MODULES = YES;
				CLANG_ENABLE_OBJC_ARC = YES;
				CLANG_ENABLE_OBJC_WEAK = YES;
				CLANG_WARN_BLOCK_CAPTURE_AUTORELEASING = YES;
				CLANG_WARN_BOOL_CONVERSION = YES;
				CLANG_WARN_COMMA = YES;
				CLANG_WARN_CONSTANT_CONVERSION = YES;
				CLANG_WARN_DEPRECATED_OBJC_IMPLEMENTATIONS = YES;
				CLANG_WARN_DIRECT_OBJC_ISA_USAGE = YES_ERROR;
				CLANG_WARN_DOCUMENTATION_COMMENTS = YES;
				CLANG_WARN_EMPTY_BODY = YES;
				CLANG_WARN_ENUM_CONVERSION = YES;
				CLANG_WARN_INFINITE_RECURSION = YES;
				CLANG_WARN_INT_CONVERSION = YES;
				CLANG_WARN_NON_LITERAL_NULL_CONVERSION = YES;
				CLANG_WARN_OBJC_IMPLICIT_RETAIN_SELF = YES;
				CLANG_WARN_OBJC_LITERAL_CONVERSION = YES;
				CLANG_WARN_OBJC_ROOT_CLASS = YES_ERROR;
				CLANG_WARN_RANGE_LOOP_ANALYSIS = YES;
				CLANG_WARN_STRICT_PROTOTYPES = YES;
				CLANG_WARN_SUSPICIOUS_MOVE = YES;
				CLANG_WARN_UNGUARDED_AVAILABILITY = YES_AGGRESSIVE;
				CLANG_WARN_UNREACHABLE_CODE = YES;
				CLANG_WARN__DUPLICATE_METHOD_MATCH = YES;
				CODE_SIGN_IDENTITY = "iPhone Developer";
				COPY_PHASE_STRIP = NO;
				DEBUG_INFORMATION_FORMAT = dwarf;
				ENABLE_STRICT_OBJC_MSGSEND = YES;
				ENABLE_TESTABILITY = YES;
				GCC_C_LANGUAGE_STANDARD = gnu11;
				GCC_DYNAMIC_NO_PIC = NO;
				GCC_NO_COMMON_BLOCKS = YES;
				GCC_OPTIMIZATION_LEVEL = 0;
				GCC_PREPROCESSOR_DEFINITIONS = (
					"DEBUG=1",
					"$(inherited)",
				);
				GCC_WARN_64_TO_32_BIT_CONVERSION = YES;
				GCC_WARN_ABOUT_RETURN_TYPE = YES_ERROR;
				GCC_WARN_UNDECLARED_SELECTOR = YES;
				GCC_WARN_UNINITIALIZED_AUTOS = YES_AGGRESSIVE;
				GCC_WARN_UNUSED_FUNCTION = YES;
				GCC_WARN_UNUSED_VARIABLE = YES;
				IPHONEOS_DEPLOYMENT_TARGET = 11.4;
				MTL_ENABLE_DEBUG_INFO = YES;
				ONLY_ACTIVE_ARCH = YES;
				SDKROOT = iphoneos;
				SWIFT_ACTIVE_COMPILATION_CONDITIONS = DEBUG;
				SWIFT_OPTIMIZATION_LEVEL = "-Onone";
			};
			name = Debug;
		};
		112BEBBD214AF1DF0066B07A /* Release */ = {
			isa = XCBuildConfiguration;
			buildSettings = {
				ALWAYS_SEARCH_USER_PATHS = NO;
				CLANG_ANALYZER_NONNULL = YES;
				CLANG_ANALYZER_NUMBER_OBJECT_CONVERSION = YES_AGGRESSIVE;
				CLANG_CXX_LANGUAGE_STANDARD = "gnu++14";
				CLANG_CXX_LIBRARY = "libc++";
				CLANG_ENABLE_MODULES = YES;
				CLANG_ENABLE_OBJC_ARC = YES;
				CLANG_ENABLE_OBJC_WEAK = YES;
				CLANG_WARN_BLOCK_CAPTURE_AUTORELEASING = YES;
				CLANG_WARN_BOOL_CONVERSION = YES;
				CLANG_WARN_COMMA = YES;
				CLANG_WARN_CONSTANT_CONVERSION = YES;
				CLANG_WARN_DEPRECATED_OBJC_IMPLEMENTATIONS = YES;
				CLANG_WARN_DIRECT_OBJC_ISA_USAGE = YES_ERROR;
				CLANG_WARN_DOCUMENTATION_COMMENTS = YES;
				CLANG_WARN_EMPTY_BODY = YES;
				CLANG_WARN_ENUM_CONVERSION = YES;
				CLANG_WARN_INFINITE_RECURSION = YES;
				CLANG_WARN_INT_CONVERSION = YES;
				CLANG_WARN_NON_LITERAL_NULL_CONVERSION = YES;
				CLANG_WARN_OBJC_IMPLICIT_RETAIN_SELF = YES;
				CLANG_WARN_OBJC_LITERAL_CONVERSION = YES;
				CLANG_WARN_OBJC_ROOT_CLASS = YES_ERROR;
				CLANG_WARN_RANGE_LOOP_ANALYSIS = YES;
				CLANG_WARN_STRICT_PROTOTYPES = YES;
				CLANG_WARN_SUSPICIOUS_MOVE = YES;
				CLANG_WARN_UNGUARDED_AVAILABILITY = YES_AGGRESSIVE;
				CLANG_WARN_UNREACHABLE_CODE = YES;
				CLANG_WARN__DUPLICATE_METHOD_MATCH = YES;
				CODE_SIGN_IDENTITY = "iPhone Developer";
				COPY_PHASE_STRIP = NO;
				DEBUG_INFORMATION_FORMAT = "dwarf-with-dsym";
				ENABLE_NS_ASSERTIONS = NO;
				ENABLE_STRICT_OBJC_MSGSEND = YES;
				GCC_C_LANGUAGE_STANDARD = gnu11;
				GCC_NO_COMMON_BLOCKS = YES;
				GCC_WARN_64_TO_32_BIT_CONVERSION = YES;
				GCC_WARN_ABOUT_RETURN_TYPE = YES_ERROR;
				GCC_WARN_UNDECLARED_SELECTOR = YES;
				GCC_WARN_UNINITIALIZED_AUTOS = YES_AGGRESSIVE;
				GCC_WARN_UNUSED_FUNCTION = YES;
				GCC_WARN_UNUSED_VARIABLE = YES;
				IPHONEOS_DEPLOYMENT_TARGET = 11.4;
				MTL_ENABLE_DEBUG_INFO = NO;
				SDKROOT = iphoneos;
				SWIFT_COMPILATION_MODE = wholemodule;
				SWIFT_OPTIMIZATION_LEVEL = "-O";
				VALIDATE_PRODUCT = YES;
			};
			name = Release;
		};
		112BEBBF214AF1DF0066B07A /* Debug */ = {
			isa = XCBuildConfiguration;
			baseConfigurationReference = 971024FE888B127C9DE8D9B5 /* Pods-Place.debug.xcconfig */;
			buildSettings = {
				ASSETCATALOG_COMPILER_APPICON_NAME = AppIcon;
				CODE_SIGN_STYLE = Automatic;
				DEVELOPMENT_TEAM = 44B387YQ4J;
				INFOPLIST_FILE = Place/Info.plist;
				IPHONEOS_DEPLOYMENT_TARGET = 10.0;
				LD_RUNPATH_SEARCH_PATHS = (
					"$(inherited)",
					"@executable_path/Frameworks",
				);
				PRODUCT_BUNDLE_IDENTIFIER = AlexanderKogut.Place;
				PRODUCT_NAME = "$(TARGET_NAME)";
				SWIFT_VERSION = 4.0;
				TARGETED_DEVICE_FAMILY = "1,2";
			};
			name = Debug;
		};
		112BEBC0214AF1DF0066B07A /* Release */ = {
			isa = XCBuildConfiguration;
			baseConfigurationReference = E78991A6D34223B7CADDC974 /* Pods-Place.release.xcconfig */;
			buildSettings = {
				ASSETCATALOG_COMPILER_APPICON_NAME = AppIcon;
				CODE_SIGN_STYLE = Automatic;
				DEVELOPMENT_TEAM = 44B387YQ4J;
				INFOPLIST_FILE = Place/Info.plist;
				IPHONEOS_DEPLOYMENT_TARGET = 10.0;
				LD_RUNPATH_SEARCH_PATHS = (
					"$(inherited)",
					"@executable_path/Frameworks",
				);
				PRODUCT_BUNDLE_IDENTIFIER = AlexanderKogut.Place;
				PRODUCT_NAME = "$(TARGET_NAME)";
				SWIFT_VERSION = 4.0;
				TARGETED_DEVICE_FAMILY = "1,2";
			};
			name = Release;
		};
/* End XCBuildConfiguration section */

/* Begin XCConfigurationList section */
		112BEBA7214AF1DE0066B07A /* Build configuration list for PBXProject "Place" */ = {
			isa = XCConfigurationList;
			buildConfigurations = (
				112BEBBC214AF1DF0066B07A /* Debug */,
				112BEBBD214AF1DF0066B07A /* Release */,
			);
			defaultConfigurationIsVisible = 0;
			defaultConfigurationName = Release;
		};
		112BEBBE214AF1DF0066B07A /* Build configuration list for PBXNativeTarget "Place" */ = {
			isa = XCConfigurationList;
			buildConfigurations = (
				112BEBBF214AF1DF0066B07A /* Debug */,
				112BEBC0214AF1DF0066B07A /* Release */,
			);
			defaultConfigurationIsVisible = 0;
			defaultConfigurationName = Release;
		};
/* End XCConfigurationList section */
	};
	rootObject = 112BEBA4214AF1DE0066B07A /* Project object */;
}
